// !$*UTF8*$!
{
	archiveVersion = 1;
	classes = {
	};
	objectVersion = 46;
	objects = {

/* Begin PBXBuildFile section */
		03293B821F5799B600B5A180 /* Main.storyboard in Resources */ = {isa = PBXBuildFile; fileRef = 03293B801F5799B600B5A180 /* Main.storyboard */; };
		03293B841F5799B600B5A180 /* Assets.xcassets in Resources */ = {isa = PBXBuildFile; fileRef = 03293B831F5799B600B5A180 /* Assets.xcassets */; };
		03293B871F5799B600B5A180 /* LaunchScreen.storyboard in Resources */ = {isa = PBXBuildFile; fileRef = 03293B851F5799B600B5A180 /* LaunchScreen.storyboard */; };
		0344056D1F57BCBA00DE71A6 /* HTTPClient.m in Sources */ = {isa = PBXBuildFile; fileRef = 0344056A1F57BCBA00DE71A6 /* HTTPClient.m */; };
		0344056E1F57BCBA00DE71A6 /* Reachability.m in Sources */ = {isa = PBXBuildFile; fileRef = 0344056C1F57BCBA00DE71A6 /* Reachability.m */; };
		0344057E1F57FE8500DE71A6 /* GTMNSString+HTML.m in Sources */ = {isa = PBXBuildFile; fileRef = 034405771F57FE8500DE71A6 /* GTMNSString+HTML.m */; };
		0344057F1F57FE8500DE71A6 /* IDNFeedParser.m in Sources */ = {isa = PBXBuildFile; fileRef = 034405791F57FE8500DE71A6 /* IDNFeedParser.m */; };
		034405801F57FE8500DE71A6 /* NSDate+InternetDateTime.m in Sources */ = {isa = PBXBuildFile; fileRef = 0344057B1F57FE8500DE71A6 /* NSDate+InternetDateTime.m */; };
		034405811F57FE8500DE71A6 /* NSString+HTML.m in Sources */ = {isa = PBXBuildFile; fileRef = 0344057D1F57FE8500DE71A6 /* NSString+HTML.m */; };
<<<<<<< HEAD
		0348141F1F8C87E800B3DE89 /* AppDelegate.m in Sources */ = {isa = PBXBuildFile; fileRef = 0348141C1F8C87E800B3DE89 /* AppDelegate.m */; };
		034814201F8C87E800B3DE89 /* main.m in Sources */ = {isa = PBXBuildFile; fileRef = 0348141E1F8C87E800B3DE89 /* main.m */; };
		034814321F8C887F00B3DE89 /* GLSMainTabViewController.m in Sources */ = {isa = PBXBuildFile; fileRef = 034814311F8C887F00B3DE89 /* GLSMainTabViewController.m */; };
		0348143D1F8C89F300B3DE89 /* GLSFieldViewController.m in Sources */ = {isa = PBXBuildFile; fileRef = 034814231F8C887500B3DE89 /* GLSFieldViewController.m */; };
		0348143E1F8C89F500B3DE89 /* GLSGNomeViewController.m in Sources */ = {isa = PBXBuildFile; fileRef = 0348142B1F8C887600B3DE89 /* GLSGNomeViewController.m */; };
		0348143F1F8C89F700B3DE89 /* GLSNewsViewController.m in Sources */ = {isa = PBXBuildFile; fileRef = 034814291F8C887500B3DE89 /* GLSNewsViewController.m */; };
		034814401F8C89F900B3DE89 /* GLSScheduleViewController.m in Sources */ = {isa = PBXBuildFile; fileRef = 0348142C1F8C887600B3DE89 /* GLSScheduleViewController.m */; };
		034814411F8C89FB00B3DE89 /* GLSSponsorViewController.m in Sources */ = {isa = PBXBuildFile; fileRef = 034814261F8C887500B3DE89 /* GLSSponsorViewController.m */; };
		034814421F8C89FD00B3DE89 /* GLSStaffViewController.m in Sources */ = {isa = PBXBuildFile; fileRef = 0348142D1F8C887600B3DE89 /* GLSStaffViewController.m */; };
		034814431F8C8A0800B3DE89 /* FJSlidingController.m in Sources */ = {isa = PBXBuildFile; fileRef = 034814191F8C878200B3DE89 /* FJSlidingController.m */; };
		034814441F8C8A0800B3DE89 /* SegmentTapView.m in Sources */ = {isa = PBXBuildFile; fileRef = 0348141B1F8C878200B3DE89 /* SegmentTapView.m */; };
=======
		0361F97F1F89C73F001DDE00 /* GLSEventInfoCell.m in Sources */ = {isa = PBXBuildFile; fileRef = 0361F97D1F89C73F001DDE00 /* GLSEventInfoCell.m */; };
		0361F9801F89C73F001DDE00 /* GLSEventInfoCell.xib in Resources */ = {isa = PBXBuildFile; fileRef = 0361F97E1F89C73F001DDE00 /* GLSEventInfoCell.xib */; };
		038AB2411F87683B008E0C94 /* SegmentTapView.m in Sources */ = {isa = PBXBuildFile; fileRef = 038AB23F1F8766B8008E0C94 /* SegmentTapView.m */; };
		038AB2421F87683F008E0C94 /* FJSlidingController.m in Sources */ = {isa = PBXBuildFile; fileRef = 038AB23D1F8766B8008E0C94 /* FJSlidingController.m */; };
		038AB25A1F876F29008E0C94 /* GLSNewsViewController.m in Sources */ = {isa = PBXBuildFile; fileRef = 038AB2591F876F29008E0C94 /* GLSNewsViewController.m */; };
		038AB25D1F876F72008E0C94 /* GLSScheduleViewController.m in Sources */ = {isa = PBXBuildFile; fileRef = 038AB25C1F876F72008E0C94 /* GLSScheduleViewController.m */; };
		038AB2601F876FA2008E0C94 /* GLSFieldViewController.m in Sources */ = {isa = PBXBuildFile; fileRef = 038AB25F1F876FA2008E0C94 /* GLSFieldViewController.m */; };
		038AB2631F876FC6008E0C94 /* GLSStaffViewController.m in Sources */ = {isa = PBXBuildFile; fileRef = 038AB2621F876FC6008E0C94 /* GLSStaffViewController.m */; };
		038AB2661F876FFE008E0C94 /* GLSSponsorViewController.m in Sources */ = {isa = PBXBuildFile; fileRef = 038AB2651F876FFE008E0C94 /* GLSSponsorViewController.m */; };
		039580951F8B558300F98763 /* AppDelegate.m in Sources */ = {isa = PBXBuildFile; fileRef = 039580931F8B558200F98763 /* AppDelegate.m */; };
		039580971F8B571A00F98763 /* main.m in Sources */ = {isa = PBXBuildFile; fileRef = 039580961F8B571900F98763 /* main.m */; };
>>>>>>> 8cf7ffe... AppDelegate改为OC
		0559CF5115F3ABA80DA7D8C5 /* Pods_LinuxStory.framework in Frameworks */ = {isa = PBXBuildFile; fileRef = 3E8530B8B28C5E5A36734C0A /* Pods_LinuxStory.framework */; };
		F01E7D731F8B62F800F6A2E3 /* GLSUserInfoCell.m in Sources */ = {isa = PBXBuildFile; fileRef = F01E7D721F8B62F800F6A2E3 /* GLSUserInfoCell.m */; };
		F07D32501F7F8A2B00EF3649 /* GLSEventViewController.m in Sources */ = {isa = PBXBuildFile; fileRef = F07D32351F7F8A2B00EF3649 /* GLSEventViewController.m */; };
		F07D32521F7F8A2B00EF3649 /* GLSInfoViewController.m in Sources */ = {isa = PBXBuildFile; fileRef = F07D323B1F7F8A2B00EF3649 /* GLSInfoViewController.m */; };
		F07D32531F7F8A2B00EF3649 /* GLSLoginViewController.m in Sources */ = {isa = PBXBuildFile; fileRef = F07D323E1F7F8A2B00EF3649 /* GLSLoginViewController.m */; };
		F07D32551F7F8A2B00EF3649 /* GLSPersonalViewController.m in Sources */ = {isa = PBXBuildFile; fileRef = F07D32431F7F8A2B00EF3649 /* GLSPersonalViewController.m */; };
		F07D325A1F7F9D5500EF3649 /* GLSUserInfoModel.m in Sources */ = {isa = PBXBuildFile; fileRef = F07D32591F7F9D5500EF3649 /* GLSUserInfoModel.m */; };
/* End PBXBuildFile section */

/* Begin PBXFileReference section */
		00F3CD4D40A69F9F9A5109A6 /* Pods-LinuxStory.release.xcconfig */ = {isa = PBXFileReference; includeInIndex = 1; lastKnownFileType = text.xcconfig; name = "Pods-LinuxStory.release.xcconfig"; path = "Pods/Target Support Files/Pods-LinuxStory/Pods-LinuxStory.release.xcconfig"; sourceTree = "<group>"; };
		03293B791F5799B600B5A180 /* LinuxStory.app */ = {isa = PBXFileReference; explicitFileType = wrapper.application; includeInIndex = 0; path = LinuxStory.app; sourceTree = BUILT_PRODUCTS_DIR; };
		03293B831F5799B600B5A180 /* Assets.xcassets */ = {isa = PBXFileReference; lastKnownFileType = folder.assetcatalog; path = Assets.xcassets; sourceTree = "<group>"; };
		03293B861F5799B600B5A180 /* Base */ = {isa = PBXFileReference; lastKnownFileType = file.storyboard; name = Base; path = Base.lproj/LaunchScreen.storyboard; sourceTree = "<group>"; };
		03293B881F5799B600B5A180 /* Info.plist */ = {isa = PBXFileReference; lastKnownFileType = text.plist.xml; path = Info.plist; sourceTree = "<group>"; };
		034405571F57B00500DE71A6 /* zh-Hans */ = {isa = PBXFileReference; lastKnownFileType = text.plist.strings; name = "zh-Hans"; path = "zh-Hans.lproj/LaunchScreen.strings"; sourceTree = "<group>"; };
		0344055D1F57B3CD00DE71A6 /* Base */ = {isa = PBXFileReference; lastKnownFileType = file.storyboard; name = Base; path = Base.lproj/Main.storyboard; sourceTree = "<group>"; };
		0344055E1F57B42D00DE71A6 /* en */ = {isa = PBXFileReference; lastKnownFileType = text.plist.strings; name = en; path = en.lproj/Main.strings; sourceTree = "<group>"; };
		034405601F57B43A00DE71A6 /* zh-Hans */ = {isa = PBXFileReference; lastKnownFileType = text.plist.strings; name = "zh-Hans"; path = "zh-Hans.lproj/Main.strings"; sourceTree = "<group>"; };
		034405691F57BCBA00DE71A6 /* HTTPClient.h */ = {isa = PBXFileReference; fileEncoding = 4; lastKnownFileType = sourcecode.c.h; path = HTTPClient.h; sourceTree = "<group>"; };
		0344056A1F57BCBA00DE71A6 /* HTTPClient.m */ = {isa = PBXFileReference; fileEncoding = 4; lastKnownFileType = sourcecode.c.objc; path = HTTPClient.m; sourceTree = "<group>"; };
		0344056B1F57BCBA00DE71A6 /* Reachability.h */ = {isa = PBXFileReference; fileEncoding = 4; lastKnownFileType = sourcecode.c.h; path = Reachability.h; sourceTree = "<group>"; };
		0344056C1F57BCBA00DE71A6 /* Reachability.m */ = {isa = PBXFileReference; fileEncoding = 4; lastKnownFileType = sourcecode.c.objc; path = Reachability.m; sourceTree = "<group>"; };
		034405761F57FE8500DE71A6 /* GTMNSString+HTML.h */ = {isa = PBXFileReference; fileEncoding = 4; lastKnownFileType = sourcecode.c.h; path = "GTMNSString+HTML.h"; sourceTree = "<group>"; };
		034405771F57FE8500DE71A6 /* GTMNSString+HTML.m */ = {isa = PBXFileReference; fileEncoding = 4; lastKnownFileType = sourcecode.c.objc; path = "GTMNSString+HTML.m"; sourceTree = "<group>"; };
		034405781F57FE8500DE71A6 /* IDNFeedParser.h */ = {isa = PBXFileReference; fileEncoding = 4; lastKnownFileType = sourcecode.c.h; path = IDNFeedParser.h; sourceTree = "<group>"; };
		034405791F57FE8500DE71A6 /* IDNFeedParser.m */ = {isa = PBXFileReference; fileEncoding = 4; lastKnownFileType = sourcecode.c.objc; path = IDNFeedParser.m; sourceTree = "<group>"; };
		0344057A1F57FE8500DE71A6 /* NSDate+InternetDateTime.h */ = {isa = PBXFileReference; fileEncoding = 4; lastKnownFileType = sourcecode.c.h; path = "NSDate+InternetDateTime.h"; sourceTree = "<group>"; };
		0344057B1F57FE8500DE71A6 /* NSDate+InternetDateTime.m */ = {isa = PBXFileReference; fileEncoding = 4; lastKnownFileType = sourcecode.c.objc; path = "NSDate+InternetDateTime.m"; sourceTree = "<group>"; };
		0344057C1F57FE8500DE71A6 /* NSString+HTML.h */ = {isa = PBXFileReference; fileEncoding = 4; lastKnownFileType = sourcecode.c.h; path = "NSString+HTML.h"; sourceTree = "<group>"; };
		0344057D1F57FE8500DE71A6 /* NSString+HTML.m */ = {isa = PBXFileReference; fileEncoding = 4; lastKnownFileType = sourcecode.c.objc; path = "NSString+HTML.m"; sourceTree = "<group>"; };
<<<<<<< HEAD
		034814181F8C878200B3DE89 /* FJSlidingController.h */ = {isa = PBXFileReference; lastKnownFileType = sourcecode.c.h; path = FJSlidingController.h; sourceTree = "<group>"; };
		034814191F8C878200B3DE89 /* FJSlidingController.m */ = {isa = PBXFileReference; lastKnownFileType = sourcecode.c.objc; path = FJSlidingController.m; sourceTree = "<group>"; };
		0348141A1F8C878200B3DE89 /* SegmentTapView.h */ = {isa = PBXFileReference; lastKnownFileType = sourcecode.c.h; path = SegmentTapView.h; sourceTree = "<group>"; };
		0348141B1F8C878200B3DE89 /* SegmentTapView.m */ = {isa = PBXFileReference; lastKnownFileType = sourcecode.c.objc; path = SegmentTapView.m; sourceTree = "<group>"; };
		0348141C1F8C87E800B3DE89 /* AppDelegate.m */ = {isa = PBXFileReference; lastKnownFileType = sourcecode.c.objc; path = AppDelegate.m; sourceTree = "<group>"; };
		0348141D1F8C87E800B3DE89 /* AppDelegate.h */ = {isa = PBXFileReference; lastKnownFileType = sourcecode.c.h; path = AppDelegate.h; sourceTree = "<group>"; };
		0348141E1F8C87E800B3DE89 /* main.m */ = {isa = PBXFileReference; lastKnownFileType = sourcecode.c.objc; path = main.m; sourceTree = "<group>"; };
		034814231F8C887500B3DE89 /* GLSFieldViewController.m */ = {isa = PBXFileReference; lastKnownFileType = sourcecode.c.objc; path = GLSFieldViewController.m; sourceTree = "<group>"; };
		034814241F8C887500B3DE89 /* GLSNewsViewController.h */ = {isa = PBXFileReference; lastKnownFileType = sourcecode.c.h; path = GLSNewsViewController.h; sourceTree = "<group>"; };
		034814251F8C887500B3DE89 /* GLSSponsorViewController.h */ = {isa = PBXFileReference; lastKnownFileType = sourcecode.c.h; path = GLSSponsorViewController.h; sourceTree = "<group>"; };
		034814261F8C887500B3DE89 /* GLSSponsorViewController.m */ = {isa = PBXFileReference; lastKnownFileType = sourcecode.c.objc; path = GLSSponsorViewController.m; sourceTree = "<group>"; };
		034814271F8C887500B3DE89 /* GLSStaffViewController.h */ = {isa = PBXFileReference; lastKnownFileType = sourcecode.c.h; path = GLSStaffViewController.h; sourceTree = "<group>"; };
		034814281F8C887500B3DE89 /* GLSGNomeViewController.h */ = {isa = PBXFileReference; lastKnownFileType = sourcecode.c.h; path = GLSGNomeViewController.h; sourceTree = "<group>"; };
		034814291F8C887500B3DE89 /* GLSNewsViewController.m */ = {isa = PBXFileReference; lastKnownFileType = sourcecode.c.objc; path = GLSNewsViewController.m; sourceTree = "<group>"; };
		0348142A1F8C887600B3DE89 /* GLSScheduleViewController.h */ = {isa = PBXFileReference; lastKnownFileType = sourcecode.c.h; path = GLSScheduleViewController.h; sourceTree = "<group>"; };
		0348142B1F8C887600B3DE89 /* GLSGNomeViewController.m */ = {isa = PBXFileReference; lastKnownFileType = sourcecode.c.objc; path = GLSGNomeViewController.m; sourceTree = "<group>"; };
		0348142C1F8C887600B3DE89 /* GLSScheduleViewController.m */ = {isa = PBXFileReference; lastKnownFileType = sourcecode.c.objc; path = GLSScheduleViewController.m; sourceTree = "<group>"; };
		0348142D1F8C887600B3DE89 /* GLSStaffViewController.m */ = {isa = PBXFileReference; lastKnownFileType = sourcecode.c.objc; path = GLSStaffViewController.m; sourceTree = "<group>"; };
		0348142F1F8C887600B3DE89 /* GLSFieldViewController.h */ = {isa = PBXFileReference; lastKnownFileType = sourcecode.c.h; path = GLSFieldViewController.h; sourceTree = "<group>"; };
		034814301F8C887F00B3DE89 /* GLSMainTabViewController.h */ = {isa = PBXFileReference; lastKnownFileType = sourcecode.c.h; path = GLSMainTabViewController.h; sourceTree = "<group>"; };
		034814311F8C887F00B3DE89 /* GLSMainTabViewController.m */ = {isa = PBXFileReference; lastKnownFileType = sourcecode.c.objc; path = GLSMainTabViewController.m; sourceTree = "<group>"; };
		0348143A1F8C89BD00B3DE89 /* GLSEventInfoCell.h */ = {isa = PBXFileReference; lastKnownFileType = sourcecode.c.h; path = GLSEventInfoCell.h; sourceTree = "<group>"; };
		0348143B1F8C89BD00B3DE89 /* GLSEventInfoCell.m */ = {isa = PBXFileReference; lastKnownFileType = sourcecode.c.objc; path = GLSEventInfoCell.m; sourceTree = "<group>"; };
		0348143C1F8C89BD00B3DE89 /* GLSEventInfoCell.xib */ = {isa = PBXFileReference; lastKnownFileType = file.xib; path = GLSEventInfoCell.xib; sourceTree = "<group>"; };
=======
		0361F97C1F89C73F001DDE00 /* GLSEventInfoCell.h */ = {isa = PBXFileReference; lastKnownFileType = sourcecode.c.h; name = GLSEventInfoCell.h; path = OC/Controllers/Hot/GLSEventInfoCell.h; sourceTree = SOURCE_ROOT; };
		0361F97D1F89C73F001DDE00 /* GLSEventInfoCell.m */ = {isa = PBXFileReference; lastKnownFileType = sourcecode.c.objc; name = GLSEventInfoCell.m; path = OC/Controllers/Hot/GLSEventInfoCell.m; sourceTree = SOURCE_ROOT; };
		0361F97E1F89C73F001DDE00 /* GLSEventInfoCell.xib */ = {isa = PBXFileReference; lastKnownFileType = file.xib; name = GLSEventInfoCell.xib; path = OC/Controllers/Hot/GLSEventInfoCell.xib; sourceTree = SOURCE_ROOT; };
		038AB23C1F8766B8008E0C94 /* FJSlidingController.h */ = {isa = PBXFileReference; lastKnownFileType = sourcecode.c.h; path = FJSlidingController.h; sourceTree = "<group>"; };
		038AB23D1F8766B8008E0C94 /* FJSlidingController.m */ = {isa = PBXFileReference; lastKnownFileType = sourcecode.c.objc; path = FJSlidingController.m; sourceTree = "<group>"; };
		038AB23E1F8766B8008E0C94 /* SegmentTapView.h */ = {isa = PBXFileReference; lastKnownFileType = sourcecode.c.h; path = SegmentTapView.h; sourceTree = "<group>"; };
		038AB23F1F8766B8008E0C94 /* SegmentTapView.m */ = {isa = PBXFileReference; lastKnownFileType = sourcecode.c.objc; path = SegmentTapView.m; sourceTree = "<group>"; };
		038AB2581F876F29008E0C94 /* GLSNewsViewController.h */ = {isa = PBXFileReference; lastKnownFileType = sourcecode.c.h; path = GLSNewsViewController.h; sourceTree = "<group>"; };
		038AB2591F876F29008E0C94 /* GLSNewsViewController.m */ = {isa = PBXFileReference; lastKnownFileType = sourcecode.c.objc; path = GLSNewsViewController.m; sourceTree = "<group>"; };
		038AB25B1F876F72008E0C94 /* GLSScheduleViewController.h */ = {isa = PBXFileReference; lastKnownFileType = sourcecode.c.h; path = GLSScheduleViewController.h; sourceTree = "<group>"; };
		038AB25C1F876F72008E0C94 /* GLSScheduleViewController.m */ = {isa = PBXFileReference; lastKnownFileType = sourcecode.c.objc; path = GLSScheduleViewController.m; sourceTree = "<group>"; };
		038AB25E1F876FA2008E0C94 /* GLSFieldViewController.h */ = {isa = PBXFileReference; lastKnownFileType = sourcecode.c.h; path = GLSFieldViewController.h; sourceTree = "<group>"; };
		038AB25F1F876FA2008E0C94 /* GLSFieldViewController.m */ = {isa = PBXFileReference; lastKnownFileType = sourcecode.c.objc; path = GLSFieldViewController.m; sourceTree = "<group>"; };
		038AB2611F876FC6008E0C94 /* GLSStaffViewController.h */ = {isa = PBXFileReference; lastKnownFileType = sourcecode.c.h; path = GLSStaffViewController.h; sourceTree = "<group>"; };
		038AB2621F876FC6008E0C94 /* GLSStaffViewController.m */ = {isa = PBXFileReference; lastKnownFileType = sourcecode.c.objc; path = GLSStaffViewController.m; sourceTree = "<group>"; };
		038AB2641F876FFE008E0C94 /* GLSSponsorViewController.h */ = {isa = PBXFileReference; lastKnownFileType = sourcecode.c.h; path = GLSSponsorViewController.h; sourceTree = "<group>"; };
		038AB2651F876FFE008E0C94 /* GLSSponsorViewController.m */ = {isa = PBXFileReference; lastKnownFileType = sourcecode.c.objc; path = GLSSponsorViewController.m; sourceTree = "<group>"; };
		039580931F8B558200F98763 /* AppDelegate.m */ = {isa = PBXFileReference; lastKnownFileType = sourcecode.c.objc; path = AppDelegate.m; sourceTree = "<group>"; };
		039580941F8B558300F98763 /* AppDelegate.h */ = {isa = PBXFileReference; lastKnownFileType = sourcecode.c.h; path = AppDelegate.h; sourceTree = "<group>"; };
		039580961F8B571900F98763 /* main.m */ = {isa = PBXFileReference; lastKnownFileType = sourcecode.c.objc; path = main.m; sourceTree = "<group>"; };
>>>>>>> 8cf7ffe... AppDelegate改为OC
		368F10F37CA7E6A79EB482F9 /* Pods-LinuxStory.debug.xcconfig */ = {isa = PBXFileReference; includeInIndex = 1; lastKnownFileType = text.xcconfig; name = "Pods-LinuxStory.debug.xcconfig"; path = "Pods/Target Support Files/Pods-LinuxStory/Pods-LinuxStory.debug.xcconfig"; sourceTree = "<group>"; };
		3E8530B8B28C5E5A36734C0A /* Pods_LinuxStory.framework */ = {isa = PBXFileReference; explicitFileType = wrapper.framework; includeInIndex = 0; path = Pods_LinuxStory.framework; sourceTree = BUILT_PRODUCTS_DIR; };
		F01E7D711F8B62F800F6A2E3 /* GLSUserInfoCell.h */ = {isa = PBXFileReference; lastKnownFileType = sourcecode.c.h; path = GLSUserInfoCell.h; sourceTree = "<group>"; };
		F01E7D721F8B62F800F6A2E3 /* GLSUserInfoCell.m */ = {isa = PBXFileReference; lastKnownFileType = sourcecode.c.objc; path = GLSUserInfoCell.m; sourceTree = "<group>"; };
		F07D32341F7F8A2B00EF3649 /* GLSEventViewController.h */ = {isa = PBXFileReference; fileEncoding = 4; lastKnownFileType = sourcecode.c.h; path = GLSEventViewController.h; sourceTree = "<group>"; };
		F07D32351F7F8A2B00EF3649 /* GLSEventViewController.m */ = {isa = PBXFileReference; fileEncoding = 4; lastKnownFileType = sourcecode.c.objc; path = GLSEventViewController.m; sourceTree = "<group>"; };
		F07D323A1F7F8A2B00EF3649 /* GLSInfoViewController.h */ = {isa = PBXFileReference; fileEncoding = 4; lastKnownFileType = sourcecode.c.h; path = GLSInfoViewController.h; sourceTree = "<group>"; };
		F07D323B1F7F8A2B00EF3649 /* GLSInfoViewController.m */ = {isa = PBXFileReference; fileEncoding = 4; lastKnownFileType = sourcecode.c.objc; path = GLSInfoViewController.m; sourceTree = "<group>"; };
		F07D323D1F7F8A2B00EF3649 /* GLSLoginViewController.h */ = {isa = PBXFileReference; fileEncoding = 4; lastKnownFileType = sourcecode.c.h; path = GLSLoginViewController.h; sourceTree = "<group>"; };
		F07D323E1F7F8A2B00EF3649 /* GLSLoginViewController.m */ = {isa = PBXFileReference; fileEncoding = 4; lastKnownFileType = sourcecode.c.objc; path = GLSLoginViewController.m; sourceTree = "<group>"; };
		F07D32421F7F8A2B00EF3649 /* GLSPersonalViewController.h */ = {isa = PBXFileReference; fileEncoding = 4; lastKnownFileType = sourcecode.c.h; path = GLSPersonalViewController.h; sourceTree = "<group>"; };
		F07D32431F7F8A2B00EF3649 /* GLSPersonalViewController.m */ = {isa = PBXFileReference; fileEncoding = 4; lastKnownFileType = sourcecode.c.objc; path = GLSPersonalViewController.m; sourceTree = "<group>"; };
		F07D32561F7F8BCB00EF3649 /* MobileCoreServices.framework */ = {isa = PBXFileReference; lastKnownFileType = wrapper.framework; name = MobileCoreServices.framework; path = System/Library/Frameworks/MobileCoreServices.framework; sourceTree = SDKROOT; };
		F07D32581F7F9D5500EF3649 /* GLSUserInfoModel.h */ = {isa = PBXFileReference; lastKnownFileType = sourcecode.c.h; path = GLSUserInfoModel.h; sourceTree = "<group>"; };
		F07D32591F7F9D5500EF3649 /* GLSUserInfoModel.m */ = {isa = PBXFileReference; lastKnownFileType = sourcecode.c.objc; path = GLSUserInfoModel.m; sourceTree = "<group>"; };
		F0A058601F7F73AF006734ED /* GLS-Prefix.pch */ = {isa = PBXFileReference; lastKnownFileType = sourcecode.c.h; path = "GLS-Prefix.pch"; sourceTree = "<group>"; };
/* End PBXFileReference section */

/* Begin PBXFrameworksBuildPhase section */
		03293B761F5799B600B5A180 /* Frameworks */ = {
			isa = PBXFrameworksBuildPhase;
			buildActionMask = 2147483647;
			files = (
				0559CF5115F3ABA80DA7D8C5 /* Pods_LinuxStory.framework in Frameworks */,
			);
			runOnlyForDeploymentPostprocessing = 0;
		};
/* End PBXFrameworksBuildPhase section */

/* Begin PBXGroup section */
		03293B701F5799B600B5A180 = {
			isa = PBXGroup;
			children = (
				034814161F8C878200B3DE89 /* OtherLib */,
				03EF41ED1F7DE3CC0070E258 /* OC */,
				03293B7B1F5799B600B5A180 /* LinuxStory */,
				03293B7A1F5799B600B5A180 /* Products */,
				14C89D2E5FD5E4CB40B067FF /* Pods */,
				B3DFF83A409015DC4725E34A /* Frameworks */,
			);
			sourceTree = "<group>";
		};
		03293B7A1F5799B600B5A180 /* Products */ = {
			isa = PBXGroup;
			children = (
				03293B791F5799B600B5A180 /* LinuxStory.app */,
			);
			name = Products;
			sourceTree = "<group>";
		};
		03293B7B1F5799B600B5A180 /* LinuxStory */ = {
			isa = PBXGroup;
			children = (
<<<<<<< HEAD
=======
				039580941F8B558300F98763 /* AppDelegate.h */,
				039580931F8B558200F98763 /* AppDelegate.m */,
>>>>>>> 8cf7ffe... AppDelegate改为OC
				03293B801F5799B600B5A180 /* Main.storyboard */,
				034405751F57FE8500DE71A6 /* IDNFeedParser */,
				034405611F57BA1600DE71A6 /* Network */,
				034405531F57A21E00DE71A6 /* SupportFiles */,
			);
			path = LinuxStory;
			sourceTree = "<group>";
		};
		034405531F57A21E00DE71A6 /* SupportFiles */ = {
			isa = PBXGroup;
			children = (
<<<<<<< HEAD
				0348141D1F8C87E800B3DE89 /* AppDelegate.h */,
				0348141C1F8C87E800B3DE89 /* AppDelegate.m */,
				0348141E1F8C87E800B3DE89 /* main.m */,
=======
				039580961F8B571900F98763 /* main.m */,
>>>>>>> 8cf7ffe... AppDelegate改为OC
				03293B831F5799B600B5A180 /* Assets.xcassets */,
				03293B851F5799B600B5A180 /* LaunchScreen.storyboard */,
				03293B881F5799B600B5A180 /* Info.plist */,
				F0A058601F7F73AF006734ED /* GLS-Prefix.pch */,
			);
			name = SupportFiles;
			sourceTree = "<group>";
		};
		034405611F57BA1600DE71A6 /* Network */ = {
			isa = PBXGroup;
			children = (
				034405681F57BCBA00DE71A6 /* HTTPClient */,
			);
			name = Network;
			sourceTree = "<group>";
		};
		034405681F57BCBA00DE71A6 /* HTTPClient */ = {
			isa = PBXGroup;
			children = (
				034405691F57BCBA00DE71A6 /* HTTPClient.h */,
				0344056A1F57BCBA00DE71A6 /* HTTPClient.m */,
				0344056B1F57BCBA00DE71A6 /* Reachability.h */,
				0344056C1F57BCBA00DE71A6 /* Reachability.m */,
			);
			path = HTTPClient;
			sourceTree = "<group>";
		};
		034405751F57FE8500DE71A6 /* IDNFeedParser */ = {
			isa = PBXGroup;
			children = (
				034405761F57FE8500DE71A6 /* GTMNSString+HTML.h */,
				034405771F57FE8500DE71A6 /* GTMNSString+HTML.m */,
				034405781F57FE8500DE71A6 /* IDNFeedParser.h */,
				034405791F57FE8500DE71A6 /* IDNFeedParser.m */,
				0344057A1F57FE8500DE71A6 /* NSDate+InternetDateTime.h */,
				0344057B1F57FE8500DE71A6 /* NSDate+InternetDateTime.m */,
				0344057C1F57FE8500DE71A6 /* NSString+HTML.h */,
				0344057D1F57FE8500DE71A6 /* NSString+HTML.m */,
			);
			path = IDNFeedParser;
			sourceTree = "<group>";
		};
		034814161F8C878200B3DE89 /* OtherLib */ = {
			isa = PBXGroup;
			children = (
				034814171F8C878200B3DE89 /* FJSlidingController */,
			);
			path = OtherLib;
			sourceTree = "<group>";
		};
		034814171F8C878200B3DE89 /* FJSlidingController */ = {
			isa = PBXGroup;
			children = (
				034814181F8C878200B3DE89 /* FJSlidingController.h */,
				034814191F8C878200B3DE89 /* FJSlidingController.m */,
				0348141A1F8C878200B3DE89 /* SegmentTapView.h */,
				0348141B1F8C878200B3DE89 /* SegmentTapView.m */,
			);
			path = FJSlidingController;
			sourceTree = "<group>";
		};
		034814391F8C89BD00B3DE89 /* Event */ = {
			isa = PBXGroup;
			children = (
				0348143A1F8C89BD00B3DE89 /* GLSEventInfoCell.h */,
				0348143B1F8C89BD00B3DE89 /* GLSEventInfoCell.m */,
				0348143C1F8C89BD00B3DE89 /* GLSEventInfoCell.xib */,
			);
			path = Event;
			sourceTree = "<group>";
		};
		03EF41ED1F7DE3CC0070E258 /* OC */ = {
			isa = PBXGroup;
			children = (
				F07D32321F7F8A2B00EF3649 /* Controllers */,
				F07D324A1F7F8A2B00EF3649 /* Models */,
				F07D32441F7F8A2B00EF3649 /* Views */,
			);
			path = OC;
			sourceTree = "<group>";
		};
		14C89D2E5FD5E4CB40B067FF /* Pods */ = {
			isa = PBXGroup;
			children = (
				368F10F37CA7E6A79EB482F9 /* Pods-LinuxStory.debug.xcconfig */,
				00F3CD4D40A69F9F9A5109A6 /* Pods-LinuxStory.release.xcconfig */,
			);
			name = Pods;
			sourceTree = "<group>";
		};
		B3DFF83A409015DC4725E34A /* Frameworks */ = {
			isa = PBXGroup;
			children = (
				F07D32561F7F8BCB00EF3649 /* MobileCoreServices.framework */,
				3E8530B8B28C5E5A36734C0A /* Pods_LinuxStory.framework */,
			);
			name = Frameworks;
			sourceTree = "<group>";
		};
		F07D32321F7F8A2B00EF3649 /* Controllers */ = {
			isa = PBXGroup;
			children = (
				F07D32331F7F8A2B00EF3649 /* Event */,
				F07D32361F7F8A2B00EF3649 /* Hot */,
				F07D32391F7F8A2B00EF3649 /* Info */,
				F07D323C1F7F8A2B00EF3649 /* Main */,
				F07D32411F7F8A2B00EF3649 /* Me */,
			);
			path = Controllers;
			sourceTree = "<group>";
		};
		F07D32331F7F8A2B00EF3649 /* Event */ = {
			isa = PBXGroup;
			children = (
				F07D32341F7F8A2B00EF3649 /* GLSEventViewController.h */,
				F07D32351F7F8A2B00EF3649 /* GLSEventViewController.m */,
			);
			path = Event;
			sourceTree = "<group>";
		};
		F07D32361F7F8A2B00EF3649 /* Hot */ = {
			isa = PBXGroup;
			children = (
				0348142F1F8C887600B3DE89 /* GLSFieldViewController.h */,
				034814231F8C887500B3DE89 /* GLSFieldViewController.m */,
				034814281F8C887500B3DE89 /* GLSGNomeViewController.h */,
				0348142B1F8C887600B3DE89 /* GLSGNomeViewController.m */,
				034814241F8C887500B3DE89 /* GLSNewsViewController.h */,
				034814291F8C887500B3DE89 /* GLSNewsViewController.m */,
				0348142A1F8C887600B3DE89 /* GLSScheduleViewController.h */,
				0348142C1F8C887600B3DE89 /* GLSScheduleViewController.m */,
				034814251F8C887500B3DE89 /* GLSSponsorViewController.h */,
				034814261F8C887500B3DE89 /* GLSSponsorViewController.m */,
				034814271F8C887500B3DE89 /* GLSStaffViewController.h */,
				0348142D1F8C887600B3DE89 /* GLSStaffViewController.m */,
			);
			path = Hot;
			sourceTree = "<group>";
		};
		F07D32391F7F8A2B00EF3649 /* Info */ = {
			isa = PBXGroup;
			children = (
				F07D323A1F7F8A2B00EF3649 /* GLSInfoViewController.h */,
				F07D323B1F7F8A2B00EF3649 /* GLSInfoViewController.m */,
			);
			path = Info;
			sourceTree = "<group>";
		};
		F07D323C1F7F8A2B00EF3649 /* Main */ = {
			isa = PBXGroup;
			children = (
				034814301F8C887F00B3DE89 /* GLSMainTabViewController.h */,
				034814311F8C887F00B3DE89 /* GLSMainTabViewController.m */,
				F07D323D1F7F8A2B00EF3649 /* GLSLoginViewController.h */,
				F07D323E1F7F8A2B00EF3649 /* GLSLoginViewController.m */,
			);
			path = Main;
			sourceTree = "<group>";
		};
		F07D32411F7F8A2B00EF3649 /* Me */ = {
			isa = PBXGroup;
			children = (
				F07D32421F7F8A2B00EF3649 /* GLSPersonalViewController.h */,
				F07D32431F7F8A2B00EF3649 /* GLSPersonalViewController.m */,
			);
			path = Me;
			sourceTree = "<group>";
		};
		F07D32441F7F8A2B00EF3649 /* Views */ = {
			isa = PBXGroup;
			children = (
				034814391F8C89BD00B3DE89 /* Event */,
				F07D32461F7F8A2B00EF3649 /* Hot */,
				F07D32471F7F8A2B00EF3649 /* Info */,
				F07D32481F7F8A2B00EF3649 /* Main */,
				F07D32491F7F8A2B00EF3649 /* Me */,
			);
			path = Views;
			sourceTree = "<group>";
		};
		F07D32461F7F8A2B00EF3649 /* Hot */ = {
			isa = PBXGroup;
			children = (
			);
			path = Hot;
			sourceTree = "<group>";
		};
		F07D32471F7F8A2B00EF3649 /* Info */ = {
			isa = PBXGroup;
			children = (
			);
			path = Info;
			sourceTree = "<group>";
		};
		F07D32481F7F8A2B00EF3649 /* Main */ = {
			isa = PBXGroup;
			children = (
			);
			path = Main;
			sourceTree = "<group>";
		};
		F07D32491F7F8A2B00EF3649 /* Me */ = {
			isa = PBXGroup;
			children = (
				F01E7D711F8B62F800F6A2E3 /* GLSUserInfoCell.h */,
				F01E7D721F8B62F800F6A2E3 /* GLSUserInfoCell.m */,
			);
			path = Me;
			sourceTree = "<group>";
		};
		F07D324A1F7F8A2B00EF3649 /* Models */ = {
			isa = PBXGroup;
			children = (
				F07D324B1F7F8A2B00EF3649 /* Event */,
				F07D324C1F7F8A2B00EF3649 /* Hot */,
				F07D324D1F7F8A2B00EF3649 /* Info */,
				F07D324E1F7F8A2B00EF3649 /* Main */,
				F07D324F1F7F8A2B00EF3649 /* Me */,
			);
			path = Models;
			sourceTree = "<group>";
		};
		F07D324B1F7F8A2B00EF3649 /* Event */ = {
			isa = PBXGroup;
			children = (
			);
			path = Event;
			sourceTree = "<group>";
		};
		F07D324C1F7F8A2B00EF3649 /* Hot */ = {
			isa = PBXGroup;
			children = (
			);
			path = Hot;
			sourceTree = "<group>";
		};
		F07D324D1F7F8A2B00EF3649 /* Info */ = {
			isa = PBXGroup;
			children = (
			);
			path = Info;
			sourceTree = "<group>";
		};
		F07D324E1F7F8A2B00EF3649 /* Main */ = {
			isa = PBXGroup;
			children = (
				F07D32581F7F9D5500EF3649 /* GLSUserInfoModel.h */,
				F07D32591F7F9D5500EF3649 /* GLSUserInfoModel.m */,
			);
			path = Main;
			sourceTree = "<group>";
		};
		F07D324F1F7F8A2B00EF3649 /* Me */ = {
			isa = PBXGroup;
			children = (
			);
			path = Me;
			sourceTree = "<group>";
		};
/* End PBXGroup section */

/* Begin PBXNativeTarget section */
		03293B781F5799B600B5A180 /* LinuxStory */ = {
			isa = PBXNativeTarget;
			buildConfigurationList = 03293B8B1F5799B600B5A180 /* Build configuration list for PBXNativeTarget "LinuxStory" */;
			buildPhases = (
				F2BD8ED79C9914034FDFA472 /* [CP] Check Pods Manifest.lock */,
				03293B751F5799B600B5A180 /* Sources */,
				03293B761F5799B600B5A180 /* Frameworks */,
				03293B771F5799B600B5A180 /* Resources */,
				2E83B866CC7B6AA3FBFE7430 /* [CP] Embed Pods Frameworks */,
				9AC16828395DD4100117DBAC /* [CP] Copy Pods Resources */,
			);
			buildRules = (
			);
			dependencies = (
			);
			name = LinuxStory;
			productName = LinuxStory;
			productReference = 03293B791F5799B600B5A180 /* LinuxStory.app */;
			productType = "com.apple.product-type.application";
		};
/* End PBXNativeTarget section */

/* Begin PBXProject section */
		03293B711F5799B600B5A180 /* Project object */ = {
			isa = PBXProject;
			attributes = {
				CLASSPREFIX = GLS;
				LastSwiftUpdateCheck = 0830;
				LastUpgradeCheck = 0900;
				ORGANIZATIONNAME = linuxstory.gnome;
				TargetAttributes = {
					03293B781F5799B600B5A180 = {
						CreatedOnToolsVersion = 8.3.1;
						DevelopmentTeam = Z5XTAE2D6E;
						LastSwiftMigration = 0830;
						ProvisioningStyle = Automatic;
					};
				};
			};
			buildConfigurationList = 03293B741F5799B600B5A180 /* Build configuration list for PBXProject "LinuxStory" */;
			compatibilityVersion = "Xcode 3.2";
			developmentRegion = English;
			hasScannedForEncodings = 0;
			knownRegions = (
				en,
				Base,
			);
			mainGroup = 03293B701F5799B600B5A180;
			productRefGroup = 03293B7A1F5799B600B5A180 /* Products */;
			projectDirPath = "";
			projectRoot = "";
			targets = (
				03293B781F5799B600B5A180 /* LinuxStory */,
			);
		};
/* End PBXProject section */

/* Begin PBXResourcesBuildPhase section */
		03293B771F5799B600B5A180 /* Resources */ = {
			isa = PBXResourcesBuildPhase;
			buildActionMask = 2147483647;
			files = (
				03293B871F5799B600B5A180 /* LaunchScreen.storyboard in Resources */,
				03293B841F5799B600B5A180 /* Assets.xcassets in Resources */,
				03293B821F5799B600B5A180 /* Main.storyboard in Resources */,
			);
			runOnlyForDeploymentPostprocessing = 0;
		};
/* End PBXResourcesBuildPhase section */

/* Begin PBXShellScriptBuildPhase section */
		2E83B866CC7B6AA3FBFE7430 /* [CP] Embed Pods Frameworks */ = {
			isa = PBXShellScriptBuildPhase;
			buildActionMask = 2147483647;
			files = (
			);
			inputPaths = (
				"${SRCROOT}/Pods/Target Support Files/Pods-LinuxStory/Pods-LinuxStory-frameworks.sh",
				"${BUILT_PRODUCTS_DIR}/FFToast/FFToast.framework",
				"${BUILT_PRODUCTS_DIR}/MJExtension/MJExtension.framework",
				"${BUILT_PRODUCTS_DIR}/SDWebImage/SDWebImage.framework",
				"${BUILT_PRODUCTS_DIR}/SVProgressHUD/SVProgressHUD.framework",
			);
			name = "[CP] Embed Pods Frameworks";
			outputPaths = (
				"${TARGET_BUILD_DIR}/${FRAMEWORKS_FOLDER_PATH}/FFToast.framework",
				"${TARGET_BUILD_DIR}/${FRAMEWORKS_FOLDER_PATH}/MJExtension.framework",
				"${TARGET_BUILD_DIR}/${FRAMEWORKS_FOLDER_PATH}/SDWebImage.framework",
				"${TARGET_BUILD_DIR}/${FRAMEWORKS_FOLDER_PATH}/SVProgressHUD.framework",
			);
			runOnlyForDeploymentPostprocessing = 0;
			shellPath = /bin/sh;
			shellScript = "\"${SRCROOT}/Pods/Target Support Files/Pods-LinuxStory/Pods-LinuxStory-frameworks.sh\"\n";
			showEnvVarsInLog = 0;
		};
		9AC16828395DD4100117DBAC /* [CP] Copy Pods Resources */ = {
			isa = PBXShellScriptBuildPhase;
			buildActionMask = 2147483647;
			files = (
			);
			inputPaths = (
			);
			name = "[CP] Copy Pods Resources";
			outputPaths = (
			);
			runOnlyForDeploymentPostprocessing = 0;
			shellPath = /bin/sh;
			shellScript = "\"${SRCROOT}/Pods/Target Support Files/Pods-LinuxStory/Pods-LinuxStory-resources.sh\"\n";
			showEnvVarsInLog = 0;
		};
		F2BD8ED79C9914034FDFA472 /* [CP] Check Pods Manifest.lock */ = {
			isa = PBXShellScriptBuildPhase;
			buildActionMask = 2147483647;
			files = (
			);
			inputPaths = (
				"${PODS_PODFILE_DIR_PATH}/Podfile.lock",
				"${PODS_ROOT}/Manifest.lock",
			);
			name = "[CP] Check Pods Manifest.lock";
			outputPaths = (
				"$(DERIVED_FILE_DIR)/Pods-LinuxStory-checkManifestLockResult.txt",
			);
			runOnlyForDeploymentPostprocessing = 0;
			shellPath = /bin/sh;
			shellScript = "diff \"${PODS_ROOT}/../Podfile.lock\" \"${PODS_ROOT}/Manifest.lock\" > /dev/null\nif [ $? != 0 ] ; then\n    # print error to STDERR\n    echo \"error: The sandbox is not in sync with the Podfile.lock. Run 'pod install' or update your CocoaPods installation.\" >&2\n    exit 1\nfi\n";
			showEnvVarsInLog = 0;
		};
/* End PBXShellScriptBuildPhase section */

/* Begin PBXSourcesBuildPhase section */
		03293B751F5799B600B5A180 /* Sources */ = {
			isa = PBXSourcesBuildPhase;
			buildActionMask = 2147483647;
			files = (
<<<<<<< HEAD
				034814421F8C89FD00B3DE89 /* GLSStaffViewController.m in Sources */,
=======
				039580951F8B558300F98763 /* AppDelegate.m in Sources */,
				038AB2631F876FC6008E0C94 /* GLSStaffViewController.m in Sources */,
>>>>>>> 8cf7ffe... AppDelegate改为OC
				0344056D1F57BCBA00DE71A6 /* HTTPClient.m in Sources */,
				0344056E1F57BCBA00DE71A6 /* Reachability.m in Sources */,
				F07D32501F7F8A2B00EF3649 /* GLSEventViewController.m in Sources */,
				F07D325A1F7F9D5500EF3649 /* GLSUserInfoModel.m in Sources */,
				034405801F57FE8500DE71A6 /* NSDate+InternetDateTime.m in Sources */,
<<<<<<< HEAD
				034814201F8C87E800B3DE89 /* main.m in Sources */,
=======
				039580971F8B571A00F98763 /* main.m in Sources */,
>>>>>>> 8cf7ffe... AppDelegate改为OC
				F07D32521F7F8A2B00EF3649 /* GLSInfoViewController.m in Sources */,
				034814321F8C887F00B3DE89 /* GLSMainTabViewController.m in Sources */,
				F07D32531F7F8A2B00EF3649 /* GLSLoginViewController.m in Sources */,
				034405811F57FE8500DE71A6 /* NSString+HTML.m in Sources */,
<<<<<<< HEAD
				034814411F8C89FB00B3DE89 /* GLSSponsorViewController.m in Sources */,
=======
				038AB2411F87683B008E0C94 /* SegmentTapView.m in Sources */,
				038AB25A1F876F29008E0C94 /* GLSNewsViewController.m in Sources */,
>>>>>>> 8cf7ffe... AppDelegate改为OC
				F07D32551F7F8A2B00EF3649 /* GLSPersonalViewController.m in Sources */,
				0348143E1F8C89F500B3DE89 /* GLSGNomeViewController.m in Sources */,
				034814431F8C8A0800B3DE89 /* FJSlidingController.m in Sources */,
				F01E7D731F8B62F800F6A2E3 /* GLSUserInfoCell.m in Sources */,
				0348143D1F8C89F300B3DE89 /* GLSFieldViewController.m in Sources */,
				034814441F8C8A0800B3DE89 /* SegmentTapView.m in Sources */,
				0344057F1F57FE8500DE71A6 /* IDNFeedParser.m in Sources */,
				034814401F8C89F900B3DE89 /* GLSScheduleViewController.m in Sources */,
				0344057E1F57FE8500DE71A6 /* GTMNSString+HTML.m in Sources */,
				0348143F1F8C89F700B3DE89 /* GLSNewsViewController.m in Sources */,
				0348141F1F8C87E800B3DE89 /* AppDelegate.m in Sources */,
			);
			runOnlyForDeploymentPostprocessing = 0;
		};
/* End PBXSourcesBuildPhase section */

/* Begin PBXVariantGroup section */
		03293B801F5799B600B5A180 /* Main.storyboard */ = {
			isa = PBXVariantGroup;
			children = (
				0344055D1F57B3CD00DE71A6 /* Base */,
				0344055E1F57B42D00DE71A6 /* en */,
				034405601F57B43A00DE71A6 /* zh-Hans */,
			);
			name = Main.storyboard;
			sourceTree = "<group>";
		};
		03293B851F5799B600B5A180 /* LaunchScreen.storyboard */ = {
			isa = PBXVariantGroup;
			children = (
				03293B861F5799B600B5A180 /* Base */,
				034405571F57B00500DE71A6 /* zh-Hans */,
			);
			name = LaunchScreen.storyboard;
			sourceTree = "<group>";
		};
/* End PBXVariantGroup section */

/* Begin XCBuildConfiguration section */
		03293B891F5799B600B5A180 /* Debug */ = {
			isa = XCBuildConfiguration;
			buildSettings = {
				ALWAYS_SEARCH_USER_PATHS = NO;
				CLANG_ANALYZER_LOCALIZABILITY_NONLOCALIZED = YES;
				CLANG_ANALYZER_NONNULL = YES;
				CLANG_ANALYZER_NUMBER_OBJECT_CONVERSION = YES_AGGRESSIVE;
				CLANG_CXX_LANGUAGE_STANDARD = "gnu++0x";
				CLANG_CXX_LIBRARY = "libc++";
				CLANG_ENABLE_MODULES = YES;
				CLANG_ENABLE_OBJC_ARC = YES;
				CLANG_WARN_BLOCK_CAPTURE_AUTORELEASING = YES;
				CLANG_WARN_BOOL_CONVERSION = YES;
				CLANG_WARN_COMMA = YES;
				CLANG_WARN_CONSTANT_CONVERSION = YES;
				CLANG_WARN_DIRECT_OBJC_ISA_USAGE = YES_ERROR;
				CLANG_WARN_DOCUMENTATION_COMMENTS = YES;
				CLANG_WARN_EMPTY_BODY = YES;
				CLANG_WARN_ENUM_CONVERSION = YES;
				CLANG_WARN_INFINITE_RECURSION = YES;
				CLANG_WARN_INT_CONVERSION = YES;
				CLANG_WARN_NON_LITERAL_NULL_CONVERSION = YES;
				CLANG_WARN_OBJC_LITERAL_CONVERSION = YES;
				CLANG_WARN_OBJC_ROOT_CLASS = YES_ERROR;
				CLANG_WARN_RANGE_LOOP_ANALYSIS = YES;
				CLANG_WARN_STRICT_PROTOTYPES = YES;
				CLANG_WARN_SUSPICIOUS_MOVE = YES;
				CLANG_WARN_UNREACHABLE_CODE = YES;
				CLANG_WARN__DUPLICATE_METHOD_MATCH = YES;
				"CODE_SIGN_IDENTITY[sdk=iphoneos*]" = "iPhone Developer";
				COPY_PHASE_STRIP = NO;
				DEBUG_INFORMATION_FORMAT = dwarf;
				ENABLE_STRICT_OBJC_MSGSEND = YES;
				ENABLE_TESTABILITY = YES;
				GCC_C_LANGUAGE_STANDARD = gnu99;
				GCC_DYNAMIC_NO_PIC = NO;
				GCC_NO_COMMON_BLOCKS = YES;
				GCC_OPTIMIZATION_LEVEL = 0;
				GCC_PREPROCESSOR_DEFINITIONS = (
					"DEBUG=1",
					"$(inherited)",
				);
				GCC_WARN_64_TO_32_BIT_CONVERSION = YES;
				GCC_WARN_ABOUT_RETURN_TYPE = YES_ERROR;
				GCC_WARN_UNDECLARED_SELECTOR = YES;
				GCC_WARN_UNINITIALIZED_AUTOS = YES_AGGRESSIVE;
				GCC_WARN_UNUSED_FUNCTION = YES;
				GCC_WARN_UNUSED_VARIABLE = YES;
				IPHONEOS_DEPLOYMENT_TARGET = 8.0;
				MTL_ENABLE_DEBUG_INFO = YES;
				ONLY_ACTIVE_ARCH = YES;
				SDKROOT = iphoneos;
				STRIP_SWIFT_SYMBOLS = NO;
				SWIFT_ACTIVE_COMPILATION_CONDITIONS = DEBUG;
				SWIFT_OPTIMIZATION_LEVEL = "-Onone";
			};
			name = Debug;
		};
		03293B8A1F5799B600B5A180 /* Release */ = {
			isa = XCBuildConfiguration;
			buildSettings = {
				ALWAYS_SEARCH_USER_PATHS = NO;
				CLANG_ANALYZER_LOCALIZABILITY_NONLOCALIZED = YES;
				CLANG_ANALYZER_NONNULL = YES;
				CLANG_ANALYZER_NUMBER_OBJECT_CONVERSION = YES_AGGRESSIVE;
				CLANG_CXX_LANGUAGE_STANDARD = "gnu++0x";
				CLANG_CXX_LIBRARY = "libc++";
				CLANG_ENABLE_MODULES = YES;
				CLANG_ENABLE_OBJC_ARC = YES;
				CLANG_WARN_BLOCK_CAPTURE_AUTORELEASING = YES;
				CLANG_WARN_BOOL_CONVERSION = YES;
				CLANG_WARN_COMMA = YES;
				CLANG_WARN_CONSTANT_CONVERSION = YES;
				CLANG_WARN_DIRECT_OBJC_ISA_USAGE = YES_ERROR;
				CLANG_WARN_DOCUMENTATION_COMMENTS = YES;
				CLANG_WARN_EMPTY_BODY = YES;
				CLANG_WARN_ENUM_CONVERSION = YES;
				CLANG_WARN_INFINITE_RECURSION = YES;
				CLANG_WARN_INT_CONVERSION = YES;
				CLANG_WARN_NON_LITERAL_NULL_CONVERSION = YES;
				CLANG_WARN_OBJC_LITERAL_CONVERSION = YES;
				CLANG_WARN_OBJC_ROOT_CLASS = YES_ERROR;
				CLANG_WARN_RANGE_LOOP_ANALYSIS = YES;
				CLANG_WARN_STRICT_PROTOTYPES = YES;
				CLANG_WARN_SUSPICIOUS_MOVE = YES;
				CLANG_WARN_UNREACHABLE_CODE = YES;
				CLANG_WARN__DUPLICATE_METHOD_MATCH = YES;
				"CODE_SIGN_IDENTITY[sdk=iphoneos*]" = "iPhone Developer";
				COPY_PHASE_STRIP = NO;
				DEBUG_INFORMATION_FORMAT = "dwarf-with-dsym";
				ENABLE_NS_ASSERTIONS = NO;
				ENABLE_STRICT_OBJC_MSGSEND = YES;
				GCC_C_LANGUAGE_STANDARD = gnu99;
				GCC_NO_COMMON_BLOCKS = YES;
				GCC_WARN_64_TO_32_BIT_CONVERSION = YES;
				GCC_WARN_ABOUT_RETURN_TYPE = YES_ERROR;
				GCC_WARN_UNDECLARED_SELECTOR = YES;
				GCC_WARN_UNINITIALIZED_AUTOS = YES_AGGRESSIVE;
				GCC_WARN_UNUSED_FUNCTION = YES;
				GCC_WARN_UNUSED_VARIABLE = YES;
				IPHONEOS_DEPLOYMENT_TARGET = 8.0;
				MTL_ENABLE_DEBUG_INFO = NO;
				SDKROOT = iphoneos;
				STRIP_SWIFT_SYMBOLS = NO;
				SWIFT_OPTIMIZATION_LEVEL = "-Owholemodule";
				VALIDATE_PRODUCT = YES;
			};
			name = Release;
		};
		03293B8C1F5799B600B5A180 /* Debug */ = {
			isa = XCBuildConfiguration;
			baseConfigurationReference = 368F10F37CA7E6A79EB482F9 /* Pods-LinuxStory.debug.xcconfig */;
			buildSettings = {
				ASSETCATALOG_COMPILER_APPICON_NAME = AppIcon;
				CLANG_ENABLE_MODULES = YES;
				"CODE_SIGN_IDENTITY[sdk=iphoneos*]" = "iPhone Developer";
				CODE_SIGN_STYLE = Automatic;
				DEVELOPMENT_TEAM = Z5XTAE2D6E;
				GCC_PRECOMPILE_PREFIX_HEADER = YES;
				GCC_PREFIX_HEADER = "$(SRCROOT)/LinuxStory/GLS-Prefix.pch";
				INFOPLIST_FILE = LinuxStory/Info.plist;
				IPHONEOS_DEPLOYMENT_TARGET = 8.0;
				LD_RUNPATH_SEARCH_PATHS = "$(inherited) @executable_path/Frameworks";
				PRODUCT_BUNDLE_IDENTIFIER = org.linuxstory.gnome.LinuxStory;
				PRODUCT_NAME = "$(TARGET_NAME)";
				PROVISIONING_PROFILE_SPECIFIER = "";
				STRIP_SWIFT_SYMBOLS = NO;
			};
			name = Debug;
		};
		03293B8D1F5799B600B5A180 /* Release */ = {
			isa = XCBuildConfiguration;
			baseConfigurationReference = 00F3CD4D40A69F9F9A5109A6 /* Pods-LinuxStory.release.xcconfig */;
			buildSettings = {
				ASSETCATALOG_COMPILER_APPICON_NAME = AppIcon;
				CLANG_ENABLE_MODULES = YES;
				"CODE_SIGN_IDENTITY[sdk=iphoneos*]" = "iPhone Developer";
				CODE_SIGN_STYLE = Automatic;
				DEVELOPMENT_TEAM = Z5XTAE2D6E;
				GCC_PRECOMPILE_PREFIX_HEADER = YES;
				GCC_PREFIX_HEADER = "$(SRCROOT)/LinuxStory/GLS-Prefix.pch";
				INFOPLIST_FILE = LinuxStory/Info.plist;
				IPHONEOS_DEPLOYMENT_TARGET = 8.0;
				LD_RUNPATH_SEARCH_PATHS = "$(inherited) @executable_path/Frameworks";
				PRODUCT_BUNDLE_IDENTIFIER = org.linuxstory.gnome.LinuxStory;
				PRODUCT_NAME = "$(TARGET_NAME)";
				PROVISIONING_PROFILE_SPECIFIER = "";
				STRIP_SWIFT_SYMBOLS = NO;
			};
			name = Release;
		};
/* End XCBuildConfiguration section */

/* Begin XCConfigurationList section */
		03293B741F5799B600B5A180 /* Build configuration list for PBXProject "LinuxStory" */ = {
			isa = XCConfigurationList;
			buildConfigurations = (
				03293B891F5799B600B5A180 /* Debug */,
				03293B8A1F5799B600B5A180 /* Release */,
			);
			defaultConfigurationIsVisible = 0;
			defaultConfigurationName = Release;
		};
		03293B8B1F5799B600B5A180 /* Build configuration list for PBXNativeTarget "LinuxStory" */ = {
			isa = XCConfigurationList;
			buildConfigurations = (
				03293B8C1F5799B600B5A180 /* Debug */,
				03293B8D1F5799B600B5A180 /* Release */,
			);
			defaultConfigurationIsVisible = 0;
			defaultConfigurationName = Release;
		};
/* End XCConfigurationList section */
	};
	rootObject = 03293B711F5799B600B5A180 /* Project object */;
}
